{
  "name": "moviehouse",
  "version": "1.0.0",
  "lockfileVersion": 1,
  "requires": true,
  "dependencies": {
    "@vimeo/player": {
      "version": "2.7.0",
      "resolved": "https://registry.npmjs.org/@vimeo/player/-/player-2.7.0.tgz",
      "integrity": "sha512-DCOKwfiBf4RHN1cRrsJiq02XFap5Nhy10xUYcFvu2RbSl0tSG4DkE3uRtYNB8PVxVa1ay3Do1ntKdY5Qu3/WHA==",
      "requires": {
        "native-promise-only": "0.8.1",
        "weakmap-polyfill": "2.0.0"
      }
    },
    "native-promise-only": {
      "version": "0.8.1",
      "resolved": "https://registry.npmjs.org/native-promise-only/-/native-promise-only-0.8.1.tgz",
      "integrity": "sha1-IKMYwwy0X3H+et+/eyHJnBRy7xE="
    },
    "weakmap-polyfill": {
      "version": "2.0.0",
      "resolved": "https://registry.npmjs.org/weakmap-polyfill/-/weakmap-polyfill-2.0.0.tgz",
      "integrity": "sha1-jyj5NeOFOJatQHR+UljbV42dyN4="
    }
  }
}
