dependencies:
- name: replybot
  repository: https://vlab-research.github.io/fly
  version: 0.0.1
- name: botserver
  repository: https://vlab-research.github.io/fly
  version: 0.0.1
- name: linksniffer
  repository: https://vlab-research.github.io/fly
  version: 0.0.1
- name: dashboard
  repository: https://vlab-research.github.io/fly
  version: 0.0.1
- name: formcentral
  repository: https://vlab-research.github.io/fly
  version: 0.0.1
- name: dumper
  repository: https://vlab-research.github.io/fly
  version: 0.0.1
- name: dinersclub
  repository: https://vlab-research.github.io/fly
  version: 0.0.1
- name: dean
  repository: https://vlab-research.github.io/fly
  version: 0.0.2
- name: scribble
  repository: https://vlab-research.github.io/fly
  version: 0.0.1
- name: naughtybot
  repository: https://vlab-research.github.io/fly
  version: 0.0.1
- name: botscribe
  repository: https://vlab-research.github.io/fly
  version: 0.0.1
- name: scratchbot
  repository: https://vlab-research.github.io/fly
  version: 0.0.1
- name: cockroachdb
  repository: https://charts.cockroachdb.com/
  version: 5.0.1
- name: kafka
  repository: https://charts.bitnami.com/bitnami
  version: 14.0.5
digest: sha256:7f8d490756488dc695f5156abb516e47497cd63b389e28c76f9b7e0edf6aed27
generated: "2021-09-14T03:25:25.231775314+02:00"
