dependencies:
- name: replybot
  repository: https://vlab-research.github.io/devops
  version: 0.0.1
- name: botserver
  repository: https://vlab-research.github.io/devops
  version: 0.0.1
- name: linksniffer
  repository: https://vlab-research.github.io/devops
  version: 0.0.1
- name: dashboard
  repository: https://vlab-research.github.io/devops
  version: 0.0.1
- name: formcentral
  repository: https://vlab-research.github.io/devops
  version: 0.0.1
- name: dumper
  repository: https://vlab-research.github.io/devops
  version: 0.0.1
- name: dinersclub
  repository: https://vlab-research.github.io/devops
  version: 0.0.1
- name: dean
  repository: https://vlab-research.github.io/devops
  version: 0.0.1
- name: scribble
  repository: https://vlab-research.github.io/devops
  version: 0.0.1
- name: naughtybot
  repository: https://vlab-research.github.io/devops
  version: 0.0.1
- name: botscribe
  repository: https://vlab-research.github.io/devops
  version: 0.0.1
- name: scratchbot
  repository: https://vlab-research.github.io/devops
  version: 0.0.1
- name: cockroachdb
  repository: https://charts.cockroachdb.com/
  version: 5.0.1
- name: kafka
  repository: https://charts.bitnami.com/bitnami
  version: 14.0.5
digest: sha256:7ea332b297e6125475d1036bd478599d148926cd6283c1a8170ed6be8d04395a
generated: "2021-09-04T11:43:37.980673886+02:00"
