dependencies:
- name: dumper
  repository: https://vlab-research.github.io/devops
  version: 0.0.1
- name: linksniffer
  repository: https://vlab-research.github.io/devops
  version: 0.0.1
- name: dashboard
  repository: https://vlab-research.github.io/devops
  version: 0.0.1
- name: naughtybot
  repository: https://vlab-research.github.io/devops
  version: 0.0.1
- name: botscribe
  repository: https://vlab-research.github.io/devops
  version: 0.0.1
- name: botserver
  repository: https://vlab-research.github.io/devops
  version: 0.0.1
- name: scratchbot
  repository: https://vlab-research.github.io/devops
  version: 0.0.1
- name: replybot
  repository: https://vlab-research.github.io/devops
  version: 0.0.1
- name: cockroachdb
  repository: https://kubernetes-charts.storage.googleapis.com
  version: 3.0.4
- name: kafka
  repository: https://storage.googleapis.com/kubernetes-charts-incubator
  version: 0.20.8
digest: sha256:264e7a6eaab003bde4c95b95d9e70acf8ad5f2efbd33dfc6cbe2ab173308fa31
generated: "2020-02-14T11:10:51.402714722+01:00"
