dependencies:
- name: replybot
  repository: https://vlab-research.github.io/devops
  version: 0.0.1
- name: botserver
  repository: https://vlab-research.github.io/devops
  version: 0.0.1
- name: linksniffer
  repository: https://vlab-research.github.io/devops
  version: 0.0.1
- name: dashboard
  repository: https://vlab-research.github.io/devops
  version: 0.0.1
- name: dumper
  repository: https://vlab-research.github.io/devops
  version: 0.0.1
- name: dinersclub
  repository: https://vlab-research.github.io/devops
  version: 0.0.1
- name: dean
  repository: https://vlab-research.github.io/devops
  version: 0.0.1
- name: scribble
  repository: https://vlab-research.github.io/devops
  version: 0.0.1
- name: naughtybot
  repository: https://vlab-research.github.io/devops
  version: 0.0.1
- name: botscribe
  repository: https://vlab-research.github.io/devops
  version: 0.0.1
- name: scratchbot
  repository: https://vlab-research.github.io/devops
  version: 0.0.1
- name: cockroachdb
  repository: https://kubernetes-charts.storage.googleapis.com
  version: 3.0.4
- name: kafka
  repository: https://storage.googleapis.com/kubernetes-charts-incubator
  version: 0.20.8
digest: sha256:549d10b3d991543858d3cede993c469c65aa0c873e62ceed12b3a35d2456e3b7
generated: "2020-09-20T17:02:16.579953474+02:00"
